lockfileVersion: '6.0'

settings:
  autoInstallPeers: true
  excludeLinksFromLockfile: false

dependencies:
  '@webflow/webflow-cli':
    specifier: ^1.6.3
    version: 1.6.3

packages:

  /@webflow/webflow-cli@1.6.3:
    resolution: {integrity: sha512-pwUqgNPGt7Uu+I7tR5eH8Sq0XJhjBwuX2AKuVAcayK32vk12yttMSRPFY7wsHZGDf1lFYgKVxdKlVuXZhGjHig==}
    hasBin: true
    dependencies:
      commander: 10.0.1
    dev: false

  /commander@10.0.1:
    resolution: {integrity: sha512-y4Mg2tXshplEbSGzx7amzPwKKOCGuoSRP/CjEdwwk0FOGlUbq6lKuoyDZTNZkmxHdJtp54hdfY/JUrdL7Xfdug==}
    engines: {node: '>=14'}
    dev: false
